{
  "requires": true,
  "lockfileVersion": 1,
  "dependencies": {
    "globekit-public": {
      "version": "1.0.6",
      "resolved": "https://registry.npmjs.org/globekit-public/-/globekit-public-1.0.6.tgz",
      "integrity": "sha512-D+/xBqO45D6P0dS62MAMDFuektytApEwcjPZOLnsFGm3/T3JiSsET3fScDa9zJVGoUQApRMhJBFfEZDiFaYWtg=="
    }
  }
}
